
Microsoft Visual Studio Solution File, Format Version 12.00
# Visual Studio Version 17
VisualStudioVersion = 17.4.33122.133
MinimumVisualStudioVersion = 10.0.40219.1
Project("{FAE04EC0-301F-11D3-BF4B-00C04F79EFBC}") = "3_Modul", "3_Modul\3_Modul.csproj", "{423068FA-C860-43FD-9DB4-4033180E339B}"
EndProject
Global
	GlobalSection(SolutionConfigurationPlatforms) = preSolution
		Debug|Any CPU = Debug|Any CPU
		Release|Any CPU = Release|Any CPU
	EndGlobalSection
	GlobalSection(ProjectConfigurationPlatforms) = postSolution
		{423068FA-C860-43FD-9DB4-4033180E339B}.Debug|Any CPU.ActiveCfg = Debug|Any CPU
		{423068FA-C860-43FD-9DB4-4033180E339B}.Debug|Any CPU.Build.0 = Debug|Any CPU
		{423068FA-C860-43FD-9DB4-4033180E339B}.Release|Any CPU.ActiveCfg = Release|Any CPU
		{423068FA-C860-43FD-9DB4-4033180E339B}.Release|Any CPU.Build.0 = Release|Any CPU
	EndGlobalSection
	GlobalSection(SolutionProperties) = preSolution
		HideSolutionNode = FALSE
	EndGlobalSection
	GlobalSection(ExtensibilityGlobals) = postSolution
		SolutionGuid = {34FBD512-BFD9-4853-BCA7-D973AD2D1B09}
	EndGlobalSection
EndGlobal
