
Microsoft Visual Studio Solution File, Format Version 12.00
# Visual Studio Version 17
VisualStudioVersion = 17.4.33122.133
MinimumVisualStudioVersion = 10.0.40219.1
Project("{FAE04EC0-301F-11D3-BF4B-00C04F79EFBC}") = "XmlPractise", "XmlPractise\XmlPractise.csproj", "{BEA3D1D3-480C-4879-BD93-322CC6E16148}"
EndProject
Global
	GlobalSection(SolutionConfigurationPlatforms) = preSolution
		Debug|Any CPU = Debug|Any CPU
		Release|Any CPU = Release|Any CPU
	EndGlobalSection
	GlobalSection(ProjectConfigurationPlatforms) = postSolution
		{BEA3D1D3-480C-4879-BD93-322CC6E16148}.Debug|Any CPU.ActiveCfg = Debug|Any CPU
		{BEA3D1D3-480C-4879-BD93-322CC6E16148}.Debug|Any CPU.Build.0 = Debug|Any CPU
		{BEA3D1D3-480C-4879-BD93-322CC6E16148}.Release|Any CPU.ActiveCfg = Release|Any CPU
		{BEA3D1D3-480C-4879-BD93-322CC6E16148}.Release|Any CPU.Build.0 = Release|Any CPU
	EndGlobalSection
	GlobalSection(SolutionProperties) = preSolution
		HideSolutionNode = FALSE
	EndGlobalSection
	GlobalSection(ExtensibilityGlobals) = postSolution
		SolutionGuid = {B47D1B60-8A08-43E6-B9DC-BC26B4D1826C}
	EndGlobalSection
EndGlobal
